{
  "name": "frontend",
  "lockfileVersion": 3,
  "requires": true,
  "packages": {
    "": {
      "dependencies": {
        "privex": "file:.."
      }
    },
    "..": {
      "name": "privex",
      "version": "1.0.0",
      "license": "ISC",
      "workspaces": [
        "frontend/chat_app",
        "backend"
      ]
    },
    "node_modules/privex": {
      "resolved": "..",
      "link": true
    }
  }
}
